{
  "object": {
    "pins": [
      {
        "package": "RegularExpressions",
        "repositoryURL": "https://github.com/Peter-Schorn/RegularExpressions",
        "state": {
          "branch": null,
          "revision": "22ba1cc5aa92ffc093151ced2751886bc07fd9d6",
          "version": "2.1.2"
        }
      }
    ]
  },
  "version": 1
}
